<?xml version="1.0" encoding="utf-8"?>
<Project ToolsVersion="4.0" xmlns="http://schemas.microsoft.com/developer/msbuild/2003">
  <ItemGroup>
    <Filter Include="Source Files">
      <UniqueIdentifier>{4FC737F1-C7A5-4376-A066-2A32D752A2FF}</UniqueIdentifier>
      <Extensions>cpp;c;cc;cxx;c++;cppm;ixx;def;odl;idl;hpj;bat;asm;asmx</Extensions>
    </Filter>
    <Filter Include="Header Files">
      <UniqueIdentifier>{93995380-89BD-4b04-88EB-625FBE52EBFB}</UniqueIdentifier>
      <Extensions>h;hh;hpp;hxx;h++;hm;inl;inc;ipp;xsd</Extensions>
    </Filter>
    <Filter Include="Resource Files">
      <UniqueIdentifier>{67DA6AB6-F800-4c08-8B7A-83BB121AAD01}</UniqueIdentifier>
      <Extensions>rc;ico;cur;bmp;dlg;rc2;rct;bin;rgs;gif;jpg;jpeg;jpe;resx;tiff;tif;png;wav;mfcribbon-ms</Extensions>
    </Filter>
  </ItemGroup>
  <ItemGroup>
    <None Include="shaders\unused\HelloTriangle.vert">
      <Filter>Resource Files</Filter>
    </None>
    <None Include="shaders\unused\HelloTriangle.frag">
      <Filter>Resource Files</Filter>
    </None>
    <None Include="shaders\unused\compile.bat">
      <Filter>Source Files</Filter>
    </None>
    <None Include="shaders\simple_shader.vert" />
    <None Include="shaders\simple_shader.frag" />
  </ItemGroup>
  <ItemGroup>
    <ClInclude Include="vendor\stb\stb_image.h">
      <Filter>Header Files</Filter>
    </ClInclude>
    <ClInclude Include="vendor\imgui-1.90.4\imgui.h">
      <Filter>Header Files</Filter>
    </ClInclude>
    <ClInclude Include="vendor\imgui-1.90.4\imgui_impl_glfw.h">
      <Filter>Header Files</Filter>
    </ClInclude>
    <ClInclude Include="vendor\imgui-1.90.4\imgui_impl_vulkan.h">
      <Filter>Header Files</Filter>
    </ClInclude>
    <ClInclude Include="vendor\imgui-1.90.4\imgui_internal.h">
      <Filter>Header Files</Filter>
    </ClInclude>
    <ClInclude Include="vendor\imgui-1.90.4\imstb_rectpack.h">
      <Filter>Header Files</Filter>
    </ClInclude>
    <ClInclude Include="vendor\imgui-1.90.4\imstb_textedit.h">
      <Filter>Header Files</Filter>
    </ClInclude>
    <ClInclude Include="vendor\imgui-1.90.4\imstb_truetype.h">
      <Filter>Header Files</Filter>
    </ClInclude>
    <ClInclude Include="vkClasses\initialization\Instance.h">
      <Filter>Header Files</Filter>
    </ClInclude>
    <ClInclude Include="vkClasses\initialization\Surface.h">
      <Filter>Header Files</Filter>
    </ClInclude>
    <ClInclude Include="vkClasses\VkClassesIndex.h">
      <Filter>Header Files</Filter>
    </ClInclude>
    <ClInclude Include="OctreeRaymarchingApp.h">
      <Filter>Header Files</Filter>
    </ClInclude>
    <ClInclude Include="vkClasses\devices\PhysicalDevice.h">
      <Filter>Header Files</Filter>
    </ClInclude>
    <ClInclude Include="vkClasses\initialization\VkConfig.h">
      <Filter>Header Files</Filter>
    </ClInclude>
    <ClInclude Include="vkClasses\devices\LogicalDevice.h">
      <Filter>Header Files</Filter>
    </ClInclude>
    <ClInclude Include="vkUtils\DebugUtils.h">
      <Filter>Header Files</Filter>
    </ClInclude>
    <ClInclude Include="vkUtils\FileUtils.h">
      <Filter>Header Files</Filter>
    </ClInclude>
    <ClInclude Include="vkUtils\SwapChainUtils.h">
      <Filter>Header Files</Filter>
    </ClInclude>
    <ClInclude Include="vkUtils\VkStructs.h">
      <Filter>Header Files</Filter>
    </ClInclude>
    <ClInclude Include="vkClasses\presentation\SwapChain.h">
      <Filter>Header Files</Filter>
    </ClInclude>
    <ClInclude Include="vkClasses\images\ImageViews.h">
      <Filter>Header Files</Filter>
    </ClInclude>
    <ClInclude Include="vkClasses\presentation\RenderPass.h">
      <Filter>Header Files</Filter>
    </ClInclude>
    <ClInclude Include="vkClasses\descriptors\DescriptorSetLayout.h">
      <Filter>Header Files</Filter>
    </ClInclude>
    <ClInclude Include="vkClasses\pipelines\GraphicsPipeline.h">
      <Filter>Header Files</Filter>
    </ClInclude>
    <ClInclude Include="vkClasses\pipelines\ComputePipeline.h">
      <Filter>Header Files</Filter>
    </ClInclude>
    <ClInclude Include="vkClasses\commands\CommandPool.h">
      <Filter>Header Files</Filter>
    </ClInclude>
    <ClInclude Include="octreeGeneration\Octree.h">
      <Filter>Header Files</Filter>
    </ClInclude>
    <ClInclude Include="octreeGeneration\OctreeStructs.h">
      <Filter>Header Files</Filter>
    </ClInclude>
    <ClInclude Include="octreeGeneration\Perlin.h">
      <Filter>Header Files</Filter>
    </ClInclude>
    <ClInclude Include="octreeGeneration\SimplexNoise.h">
      <Filter>Header Files</Filter>
    </ClInclude>
    <ClInclude Include="vkClasses\shaderResources\SSBO.h">
      <Filter>Header Files</Filter>
    </ClInclude>
    <ClInclude Include="vkClasses\shaderResources\StorageImage.h">
      <Filter>Header Files</Filter>
    </ClInclude>
    <ClInclude Include="vkClasses\shaderResources\Sampler.h">
      <Filter>Header Files</Filter>
    </ClInclude>
    <ClInclude Include="vkClasses\shaderResources\UniformBuffer.h">
      <Filter>Header Files</Filter>
    </ClInclude>
    <ClInclude Include="vkClasses\descriptors\DescriptorPool.h">
      <Filter>Header Files</Filter>
    </ClInclude>
    <ClInclude Include="vkClasses\descriptors\DescriptorSets.h">
      <Filter>Header Files</Filter>
    </ClInclude>
    <ClInclude Include="vkClasses\images\Images.h">
      <Filter>Header Files</Filter>
    </ClInclude>
    <ClInclude Include="vkClasses\renderAttachments\DepthResources.h">
      <Filter>Header Files</Filter>
    </ClInclude>
    <ClInclude Include="vkClasses\renderAttachments\ColorResources.h">
      <Filter>Header Files</Filter>
    </ClInclude>
    <ClInclude Include="vkClasses\framebuffers\FrameBuffers.h">
      <Filter>Header Files</Filter>
    </ClInclude>
    <ClInclude Include="vkClasses\shaderResources\VertexBuffer.h">
      <Filter>Header Files</Filter>
    </ClInclude>
    <ClInclude Include="vkClasses\shaderResources\IndexBuffer.h">
      <Filter>Header Files</Filter>
    </ClInclude>
    <ClInclude Include="vkClasses\commands\CommandBuffers.h">
      <Filter>Header Files</Filter>
    </ClInclude>
    <ClInclude Include="vkClasses\commands\ComputeCommandBuffers.h">
      <Filter>Header Files</Filter>
    </ClInclude>
    <ClInclude Include="vkClasses\syncObjects\SyncObjects.h">
      <Filter>Header Files</Filter>
    </ClInclude>
    <ClInclude Include="vkClasses\gui\Gui.h">
      <Filter>Header Files</Filter>
    </ClInclude>
    <ClInclude Include="vkClasses\queueSubmit\QueueSubmitter.h">
      <Filter>Header Files</Filter>
    </ClInclude>
    <ClInclude Include="octreeGeneration\BitmaskOctree.h">
      <Filter>Header Files</Filter>
    </ClInclude>
  </ItemGroup>
  <ItemGroup>
    <ClCompile Include="main.cpp">
      <Filter>Source Files</Filter>
    </ClCompile>
    <ClCompile Include="vendor\imgui-1.90.4\imgui.cpp">
      <Filter>Source Files</Filter>
    </ClCompile>
    <ClCompile Include="vendor\imgui-1.90.4\imgui_demo.cpp">
      <Filter>Source Files</Filter>
    </ClCompile>
    <ClCompile Include="vendor\imgui-1.90.4\imgui_draw.cpp">
      <Filter>Source Files</Filter>
    </ClCompile>
    <ClCompile Include="vendor\imgui-1.90.4\imgui_impl_glfw.cpp">
      <Filter>Source Files</Filter>
    </ClCompile>
    <ClCompile Include="vendor\imgui-1.90.4\imgui_impl_vulkan.cpp">
      <Filter>Source Files</Filter>
    </ClCompile>
    <ClCompile Include="vendor\imgui-1.90.4\imgui_tables.cpp">
      <Filter>Source Files</Filter>
    </ClCompile>
    <ClCompile Include="vendor\imgui-1.90.4\imgui_widgets.cpp">
      <Filter>Source Files</Filter>
    </ClCompile>
    <ClCompile Include="vkClasses\initialization\Instance.cpp">
      <Filter>Source Files</Filter>
    </ClCompile>
    <ClCompile Include="vkClasses\initialization\Surface.cpp">
      <Filter>Source Files</Filter>
    </ClCompile>
    <ClCompile Include="vkClasses\devices\PhysicalDevice.cpp">
      <Filter>Source Files</Filter>
    </ClCompile>
    <ClCompile Include="vkClasses\devices\LogicalDevice.cpp">
      <Filter>Source Files</Filter>
    </ClCompile>
    <ClCompile Include="vkClasses\presentation\SwapChain.cpp">
      <Filter>Source Files</Filter>
    </ClCompile>
    <ClCompile Include="vkClasses\images\ImageViews.cpp">
      <Filter>Source Files</Filter>
    </ClCompile>
    <ClCompile Include="vkClasses\presentation\RenderPass.cpp">
      <Filter>Source Files</Filter>
    </ClCompile>
    <ClCompile Include="vkClasses\descriptors\DescriptorSetLayout.cpp">
      <Filter>Source Files</Filter>
    </ClCompile>
    <ClCompile Include="vkClasses\pipelines\GraphicsPipeline.cpp">
      <Filter>Source Files</Filter>
    </ClCompile>
    <ClCompile Include="vkClasses\pipelines\ComputePipeline.cpp">
      <Filter>Source Files</Filter>
    </ClCompile>
    <ClCompile Include="vkClasses\commands\CommandPool.cpp">
      <Filter>Source Files</Filter>
    </ClCompile>
    <ClCompile Include="octreeGeneration\Octree.cpp">
      <Filter>Source Files</Filter>
    </ClCompile>
    <ClCompile Include="octreeGeneration\Perlin.cpp">
      <Filter>Source Files</Filter>
    </ClCompile>
    <ClCompile Include="octreeGeneration\SimplexNoise.cpp">
      <Filter>Source Files</Filter>
    </ClCompile>
    <ClCompile Include="vkClasses\shaderResources\SSBO.cpp">
      <Filter>Source Files</Filter>
    </ClCompile>
    <ClCompile Include="vkClasses\shaderResources\StorageImage.cpp">
      <Filter>Source Files</Filter>
    </ClCompile>
    <ClCompile Include="vkClasses\shaderResources\Sampler.cpp">
      <Filter>Source Files</Filter>
    </ClCompile>
    <ClCompile Include="vkClasses\shaderResources\UniformBuffer.cpp">
      <Filter>Source Files</Filter>
    </ClCompile>
    <ClCompile Include="vkClasses\descriptors\DescriptorPool.cpp">
      <Filter>Source Files</Filter>
    </ClCompile>
    <ClCompile Include="vkClasses\descriptors\DescriptorSets.cpp">
      <Filter>Source Files</Filter>
    </ClCompile>
    <ClCompile Include="vkClasses\images\Images.cpp">
      <Filter>Source Files</Filter>
    </ClCompile>
    <ClCompile Include="vkClasses\renderAttachments\DepthResources.cpp">
      <Filter>Source Files</Filter>
    </ClCompile>
    <ClCompile Include="vkClasses\renderAttachments\ColorResources.cpp">
      <Filter>Source Files</Filter>
    </ClCompile>
    <ClCompile Include="vkClasses\framebuffers\FrameBuffers.cpp">
      <Filter>Source Files</Filter>
    </ClCompile>
    <ClCompile Include="vkClasses\shaderResources\VertexBuffer.cpp">
      <Filter>Source Files</Filter>
    </ClCompile>
    <ClCompile Include="vkClasses\shaderResources\IndexBuffer.cpp">
      <Filter>Source Files</Filter>
    </ClCompile>
    <ClCompile Include="vkClasses\commands\CommandBuffers.cpp">
      <Filter>Source Files</Filter>
    </ClCompile>
    <ClCompile Include="vkClasses\commands\ComputeCommandBuffers.cpp">
      <Filter>Source Files</Filter>
    </ClCompile>
    <ClCompile Include="vkClasses\syncObjects\SyncObjects.cpp">
      <Filter>Source Files</Filter>
    </ClCompile>
    <ClCompile Include="vkClasses\gui\Gui.cpp">
      <Filter>Source Files</Filter>
    </ClCompile>
    <ClCompile Include="vkClasses\queueSubmit\QueueSubmitter.cpp">
      <Filter>Source Files</Filter>
    </ClCompile>
    <ClCompile Include="octreeGeneration\BitmaskOctree.cpp">
      <Filter>Source Files</Filter>
    </ClCompile>
  </ItemGroup>
</Project>